<?xml version="1.0" encoding="utf-8"?>
<Project ToolsVersion="4.0" xmlns="http://schemas.microsoft.com/developer/msbuild/2003">
  <ItemGroup>
    <ClCompile Include="..\..\Confirm.cpp">
      <Filter>Source</Filter>
    </ClCompile>
    <ClCompile Include="..\..\DeleteMaster.cpp">
      <Filter>Source</Filter>
    </ClCompile>
    <ClCompile Include="..\..\DelOptions.cpp">
      <Filter>Source</Filter>
    </ClCompile>
    <ClCompile Include="..\..\DelPar.cpp">
      <Filter>Source</Filter>
    </ClCompile>
    <ClCompile Include="..\..\DelProc.cpp">
      <Filter>Source</Filter>
    </ClCompile>
    <ClCompile Include="..\..\DiskInfo.cpp">
      <Filter>Source</Filter>
    </ClCompile>
    <ClCompile Include="..\..\DiskView.cpp">
      <Filter>Source</Filter>
    </ClCompile>
    <ClCompile Include="..\..\Main.cpp">
      <Filter>Source</Filter>
    </ClCompile>
    <ClCompile Include="..\..\PropSht.cpp">
      <Filter>Source</Filter>
    </ClCompile>
    <ClCompile Include="..\..\Fun.cpp">
      <Filter>Source</Filter>
    </ClCompile>
    <ClCompile Include="..\..\SecInfo.cpp">
      <Filter>Source</Filter>
    </ClCompile>
    <ClCompile Include="..\..\SectorView.cpp">
      <Filter>Source</Filter>
    </ClCompile>
    <ClCompile Include="..\..\SetSecNum.cpp">
      <Filter>Source</Filter>
    </ClCompile>
    <ClCompile Include="..\..\StdAfx.cpp">
      <Filter>Source</Filter>
    </ClCompile>
    <ClCompile Include="..\..\WipeFree.cpp">
      <Filter>Source</Filter>
    </ClCompile>
    <ClCompile Include="..\..\WipeProc.cpp">
      <Filter>Source</Filter>
    </ClCompile>
  </ItemGroup>
  <ItemGroup>
    <ClInclude Include="..\..\DelPar.h">
      <Filter>Include</Filter>
    </ClInclude>
    <ClInclude Include="..\..\DiskView.h">
      <Filter>Include</Filter>
    </ClInclude>
    <ClInclude Include="..\..\DelProc.h">
      <Filter>Include</Filter>
    </ClInclude>
    <ClInclude Include="..\..\DiskInfo.h">
      <Filter>Include</Filter>
    </ClInclude>
    <ClInclude Include="..\..\DelOptions.h">
      <Filter>Include</Filter>
    </ClInclude>
    <ClInclude Include="..\..\DeleteMaster.h">
      <Filter>Include</Filter>
    </ClInclude>
    <ClInclude Include="..\..\Main.h">
      <Filter>Include</Filter>
    </ClInclude>
    <ClInclude Include="..\..\PropSht.h">
      <Filter>Include</Filter>
    </ClInclude>
    <ClInclude Include="..\..\Confirm.h">
      <Filter>Include</Filter>
    </ClInclude>
    <ClInclude Include="..\..\Fun.h">
      <Filter>Include</Filter>
    </ClInclude>
    <ClInclude Include="..\..\resource.h">
      <Filter>Include</Filter>
    </ClInclude>
    <ClInclude Include="..\..\StdAfx.h">
      <Filter>Include</Filter>
    </ClInclude>
    <ClInclude Include="..\..\SecInfo.h">
      <Filter>Include</Filter>
    </ClInclude>
    <ClInclude Include="..\..\SectorView.h">
      <Filter>Include</Filter>
    </ClInclude>
    <ClInclude Include="..\..\SetSecNum.h">
      <Filter>Include</Filter>
    </ClInclude>
    <ClInclude Include="..\..\WipeFree.h">
      <Filter>Include</Filter>
    </ClInclude>
    <ClInclude Include="..\..\WipeProc.h">
      <Filter>Include</Filter>
    </ClInclude>
  </ItemGroup>
  <ItemGroup>
    <CustomBuild Include="res\DeleteMaster.ico">
      <Filter>Resource</Filter>
    </CustomBuild>
    <CustomBuild Include="res\DeleteMasterDoc.ico">
      <Filter>Resource</Filter>
    </CustomBuild>
    <CustomBuild Include="res\DeleteMaster.rc2">
      <Filter>Resource</Filter>
    </CustomBuild>
    <CustomBuild Include="res\list.bmp">
      <Filter>Resource</Filter>
    </CustomBuild>
    <CustomBuild Include="res\Tab.bmp">
      <Filter>Resource</Filter>
    </CustomBuild>
    <CustomBuild Include="ReadMe.txt">
      <Filter>Resource</Filter>
    </CustomBuild>
    <CustomBuild Include="res\volum.bmp">
      <Filter>Resource</Filter>
    </CustomBuild>
  </ItemGroup>
  <ItemGroup>
    <Filter Include="Resource">
      <UniqueIdentifier>{af69ee76-199c-4c60-af8b-139f62c19141}</UniqueIdentifier>
    </Filter>
    <Filter Include="Source">
      <UniqueIdentifier>{d8c1aef5-0b6c-4d5c-977b-8e65aee4f969}</UniqueIdentifier>
    </Filter>
    <Filter Include="Include">
      <UniqueIdentifier>{6c9e7ce0-5d74-431d-9fdd-6be25dfb80a0}</UniqueIdentifier>
    </Filter>
  </ItemGroup>
  <ItemGroup>
    <ResourceCompile Include="DeleteMaster.rc">
      <Filter>Resource</Filter>
    </ResourceCompile>
  </ItemGroup>
</Project>