<?xml version="1.0" encoding="utf-8"?>
<Project ToolsVersion="4.0" xmlns="http://schemas.microsoft.com/developer/msbuild/2003">
  <ItemGroup>
    <Filter Include="Source Files">
      <UniqueIdentifier>{09d55ed2-bb47-4864-bd21-6a83799a7688}</UniqueIdentifier>
      <Extensions>cpp;c;cxx;rc;def;r;odl;idl;hpj;bat</Extensions>
    </Filter>
    <Filter Include="Header Files">
      <UniqueIdentifier>{bb8d57ec-3e72-4dba-bab5-f958a6faba08}</UniqueIdentifier>
      <Extensions>h;hpp;hxx;hm;inl</Extensions>
    </Filter>
    <Filter Include="Resource Files">
      <UniqueIdentifier>{75e7cc06-51a2-4d3b-8e0f-b9e86dcd706f}</UniqueIdentifier>
      <Extensions>ico;cur;bmp;dlg;rc2;rct;bin;rgs;gif;jpg;jpeg;jpe</Extensions>
    </Filter>
  </ItemGroup>
  <ItemGroup>
    <ClCompile Include="..\..\..\DavinciFunction\DavinciFunction.cpp">
      <Filter>Source Files</Filter>
    </ClCompile>
    <ClCompile Include="..\..\DecryptFunction\DecryptFunction.cpp">
      <Filter>Source Files</Filter>
    </ClCompile>
    <ClCompile Include="..\DecryptStatus.cpp">
      <Filter>Source Files</Filter>
    </ClCompile>
    <ClCompile Include="..\DecryptWiz_1.cpp">
      <Filter>Source Files</Filter>
    </ClCompile>
    <ClCompile Include="..\DecryptWiz_2.cpp">
      <Filter>Source Files</Filter>
    </ClCompile>
    <ClCompile Include="..\DecryptWiz_3.cpp">
      <Filter>Source Files</Filter>
    </ClCompile>
    <ClCompile Include="..\DecryptWiz_4.cpp">
      <Filter>Source Files</Filter>
    </ClCompile>
    <ClCompile Include="..\DecryptWiz_5.cpp">
      <Filter>Source Files</Filter>
    </ClCompile>
    <ClCompile Include="..\..\..\DavinciFunction\deletemethoddlg.cpp">
      <Filter>Source Files</Filter>
    </ClCompile>
    <ClCompile Include="..\..\..\DavinciFunction\DeleteProgressDlg.cpp">
      <Filter>Source Files</Filter>
    </ClCompile>
    <ClCompile Include="..\EraseDirectory.cpp">
      <Filter>Source Files</Filter>
    </ClCompile>
    <ClCompile Include="..\FileDecrypt.cpp">
      <Filter>Source Files</Filter>
    </ClCompile>
    <ClCompile Include="..\NewRestoreTreeCtrl.cpp">
      <Filter>Source Files</Filter>
    </ClCompile>
    <ClCompile Include="..\OleDataSourcePro.cpp">
      <Filter>Source Files</Filter>
    </ClCompile>
    <ClCompile Include="..\OleDropSourcePro.cpp">
      <Filter>Source Files</Filter>
    </ClCompile>
    <ClCompile Include="..\..\..\DavinciFunction\SecureDelete.cpp">
      <Filter>Source Files</Filter>
    </ClCompile>
    <ClCompile Include="..\StdAfx.cpp">
      <Filter>Source Files</Filter>
    </ClCompile>
  </ItemGroup>
  <ItemGroup>
    <ResourceCompile Include="FileDecrypt.rc">
      <Filter>Source Files</Filter>
    </ResourceCompile>
  </ItemGroup>
  <ItemGroup>
    <ClInclude Include="..\..\..\DavinciFunction\DavinciFunction.h">
      <Filter>Header Files</Filter>
    </ClInclude>
    <ClInclude Include="..\..\DecryptFunction\DecryptFunction.h">
      <Filter>Header Files</Filter>
    </ClInclude>
    <ClInclude Include="..\DecryptStatus.h">
      <Filter>Header Files</Filter>
    </ClInclude>
    <ClInclude Include="..\DecryptWiz_1.h">
      <Filter>Header Files</Filter>
    </ClInclude>
    <ClInclude Include="..\DecryptWiz_2.h">
      <Filter>Header Files</Filter>
    </ClInclude>
    <ClInclude Include="..\DecryptWiz_3.h">
      <Filter>Header Files</Filter>
    </ClInclude>
    <ClInclude Include="..\DecryptWiz_4.h">
      <Filter>Header Files</Filter>
    </ClInclude>
    <ClInclude Include="..\DecryptWiz_5.h">
      <Filter>Header Files</Filter>
    </ClInclude>
    <ClInclude Include="..\..\..\DavinciFunction\deletemethoddlg.h">
      <Filter>Header Files</Filter>
    </ClInclude>
    <ClInclude Include="..\..\..\DavinciFunction\DeleteProgressDlg.h">
      <Filter>Header Files</Filter>
    </ClInclude>
    <ClInclude Include="..\..\..\EncryptToolStruct\EncryptToolStruct.h">
      <Filter>Header Files</Filter>
    </ClInclude>
    <ClInclude Include="..\EraseDirectory.h">
      <Filter>Header Files</Filter>
    </ClInclude>
    <ClInclude Include="..\FileDecrypt.h">
      <Filter>Header Files</Filter>
    </ClInclude>
    <ClInclude Include="..\NewRestoreTreeCtrl.h">
      <Filter>Header Files</Filter>
    </ClInclude>
    <ClInclude Include="..\OleDataSourcePro.h">
      <Filter>Header Files</Filter>
    </ClInclude>
    <ClInclude Include="..\OleDropSourcePro.h">
      <Filter>Header Files</Filter>
    </ClInclude>
    <ClInclude Include="..\resource.h">
      <Filter>Header Files</Filter>
    </ClInclude>
    <ClInclude Include="..\..\..\DavinciFunction\SecureDelete.h">
      <Filter>Header Files</Filter>
    </ClInclude>
    <ClInclude Include="..\StdAfx.h">
      <Filter>Header Files</Filter>
    </ClInclude>
    <ClInclude Include="..\TRACEWIN.H">
      <Filter>Header Files</Filter>
    </ClInclude>
  </ItemGroup>
  <ItemGroup>
    <None Include="res\Drives.bmp">
      <Filter>Resource Files</Filter>
    </None>
    <None Include="res\File.bmp">
      <Filter>Resource Files</Filter>
    </None>
    <None Include="res\FileDecrypt.ico">
      <Filter>Resource Files</Filter>
    </None>
    <None Include="res\FileDecrypt.rc2">
      <Filter>Resource Files</Filter>
    </None>
    <None Include="res\filecopy.avi" />
    <None Include="ReadMe.txt" />
  </ItemGroup>
</Project>