<?xml version="1.0" encoding="utf-8"?>
<Project ToolsVersion="4.0" xmlns="http://schemas.microsoft.com/developer/msbuild/2003">
  <ItemGroup>
    <Filter Include="Source Files">
      <UniqueIdentifier>{7448a865-0001-47e7-86ef-f99073c3bc07}</UniqueIdentifier>
      <Extensions>cpp;c;cxx;rc;def;r;odl;idl;hpj;bat</Extensions>
    </Filter>
    <Filter Include="Header Files">
      <UniqueIdentifier>{de78b51a-cb66-4f3f-839f-e53cd8c7352c}</UniqueIdentifier>
      <Extensions>h;hpp;hxx;hm;inl</Extensions>
    </Filter>
    <Filter Include="Resource Files">
      <UniqueIdentifier>{d6ff07f4-842a-41b4-8d7c-adb71d14d7be}</UniqueIdentifier>
      <Extensions>ico;cur;bmp;dlg;rc2;rct;bin;rgs;gif;jpg;jpeg;jpe</Extensions>
    </Filter>
  </ItemGroup>
  <ItemGroup>
    <ClCompile Include="..\DelFile.cpp">
      <Filter>Source Files</Filter>
    </ClCompile>
    <ClCompile Include="..\DelFileDlg.cpp">
      <Filter>Source Files</Filter>
    </ClCompile>
    <ClCompile Include="..\DelProc.cpp">
      <Filter>Source Files</Filter>
    </ClCompile>
    <ClCompile Include="..\Folder.cpp">
      <Filter>Source Files</Filter>
    </ClCompile>
    <ClCompile Include="..\FolderForm.cpp">
      <Filter>Source Files</Filter>
    </ClCompile>
    <ClCompile Include="..\Fun.cpp">
      <Filter>Source Files</Filter>
    </ClCompile>
    <ClCompile Include="..\MainDlg.cpp">
      <Filter>Source Files</Filter>
    </ClCompile>
    <ClCompile Include="..\PasswordDlg.cpp">
      <Filter>Source Files</Filter>
    </ClCompile>
    <ClCompile Include="..\Schedule.cpp">
      <Filter>Source Files</Filter>
    </ClCompile>
    <ClCompile Include="..\ScheduleEdit.cpp">
      <Filter>Source Files</Filter>
    </ClCompile>
    <ClCompile Include="..\SearchForm.cpp">
      <Filter>Source Files</Filter>
    </ClCompile>
    <ClCompile Include="..\SelMethod.cpp">
      <Filter>Source Files</Filter>
    </ClCompile>
    <ClCompile Include="..\StdAfx.cpp">
      <Filter>Source Files</Filter>
    </ClCompile>
  </ItemGroup>
  <ItemGroup>
    <ResourceCompile Include="DelFile.rc">
      <Filter>Source Files</Filter>
    </ResourceCompile>
  </ItemGroup>
  <ItemGroup>
    <ClInclude Include="..\DelFile.h">
      <Filter>Header Files</Filter>
    </ClInclude>
    <ClInclude Include="..\DelFileDlg.h">
      <Filter>Header Files</Filter>
    </ClInclude>
    <ClInclude Include="..\DelProc.h">
      <Filter>Header Files</Filter>
    </ClInclude>
    <ClInclude Include="..\Folder.h">
      <Filter>Header Files</Filter>
    </ClInclude>
    <ClInclude Include="..\FolderForm.h">
      <Filter>Header Files</Filter>
    </ClInclude>
    <ClInclude Include="..\Fun.h">
      <Filter>Header Files</Filter>
    </ClInclude>
    <ClInclude Include="..\MainDlg.h">
      <Filter>Header Files</Filter>
    </ClInclude>
    <ClInclude Include="..\PasswordDlg.h">
      <Filter>Header Files</Filter>
    </ClInclude>
    <ClInclude Include="..\Resource.h">
      <Filter>Header Files</Filter>
    </ClInclude>
    <ClInclude Include="..\Schedule.h">
      <Filter>Header Files</Filter>
    </ClInclude>
    <ClInclude Include="..\ScheduleEdit.h">
      <Filter>Header Files</Filter>
    </ClInclude>
    <ClInclude Include="..\SearchForm.h">
      <Filter>Header Files</Filter>
    </ClInclude>
    <ClInclude Include="..\SelMethod.h">
      <Filter>Header Files</Filter>
    </ClInclude>
    <ClInclude Include="..\StdAfx.h">
      <Filter>Header Files</Filter>
    </ClInclude>
  </ItemGroup>
  <ItemGroup>
    <CustomBuild Include="res\DelFile.ico">
      <Filter>Resource Files</Filter>
    </CustomBuild>
    <CustomBuild Include="res\DelFile.rc2">
      <Filter>Resource Files</Filter>
    </CustomBuild>
    <CustomBuild Include="res\list.bmp">
      <Filter>Resource Files</Filter>
    </CustomBuild>
    <CustomBuild Include="res\toolbar.bmp">
      <Filter>Resource Files</Filter>
    </CustomBuild>
    <CustomBuild Include="res\tree.bmp">
      <Filter>Resource Files</Filter>
    </CustomBuild>
    <CustomBuild Include="ReadMe.txt" />
  </ItemGroup>
</Project>