
Microsoft Visual Studio Solution File, Format Version 9.00
# Visual Studio 2005
Project("{8BC9CEB8-8B4A-11D0-8D11-00A0C91BC942}") = "BMF", "BMF.vcproj", "{2128F910-345B-4825-9373-816D52D58E00}"
EndProject
Global
	GlobalSection(DPCodeReviewSolutionGUID) = preSolution
		DPCodeReviewSolutionGUID = {00000000-0000-0000-0000-000000000000}
	EndGlobalSection
	GlobalSection(SolutionConfigurationPlatforms) = preSolution
		Debug|Win32 = Debug|Win32
		Release|Win32 = Release|Win32
	EndGlobalSection
	GlobalSection(ProjectConfigurationPlatforms) = postSolution
		{2128F910-345B-4825-9373-816D52D58E00}.Debug|Win32.ActiveCfg = Debug|Win32
		{2128F910-345B-4825-9373-816D52D58E00}.Debug|Win32.Build.0 = Debug|Win32
		{2128F910-345B-4825-9373-816D52D58E00}.Release|Win32.ActiveCfg = Release|Win32
		{2128F910-345B-4825-9373-816D52D58E00}.Release|Win32.Build.0 = Release|Win32
	EndGlobalSection
	GlobalSection(SolutionProperties) = preSolution
		HideSolutionNode = FALSE
	EndGlobalSection
EndGlobal
