<?xml version="1.0" encoding="utf-8"?>
<Project ToolsVersion="4.0" xmlns="http://schemas.microsoft.com/developer/msbuild/2003">
  <ItemGroup>
    <ClCompile Include="..\..\DavinciFunction\DavinciFunction.cpp">
      <Filter>Source</Filter>
    </ClCompile>
    <ClCompile Include="..\StdAfx.cpp">
      <Filter>Source</Filter>
    </ClCompile>
    <ClCompile Include="..\..\Decrypt\DecryptFunction\DecryptFunction.cpp">
      <Filter>Source</Filter>
    </ClCompile>
    <ClCompile Include="..\..\Encrypt\EncryptFunction\EncryptFunction.cpp">
      <Filter>Source</Filter>
    </ClCompile>
    <ClCompile Include="..\..\Encrypt\EncryptFunction\EncryptInfo.cpp">
      <Filter>Source</Filter>
    </ClCompile>
    <ClCompile Include="..\FED.cpp">
      <Filter>Source</Filter>
    </ClCompile>
    <ClCompile Include="..\..\Encrypt\EncryptFunction\FileStatisticInfo.cpp">
      <Filter>Source</Filter>
    </ClCompile>
    <ClCompile Include="..\..\DavinciFunction\SecureDelete.cpp">
      <Filter>Source</Filter>
    </ClCompile>
  </ItemGroup>
  <ItemGroup>
    <ClInclude Include="..\..\DavinciFunction\DavinciFunction.h">
      <Filter>Header</Filter>
    </ClInclude>
    <ClInclude Include="..\..\Decrypt\DecryptFunction\DecryptFunction.h">
      <Filter>Header</Filter>
    </ClInclude>
    <ClInclude Include="..\..\Encrypt\EncryptFunction\EncryptFunction.h">
      <Filter>Header</Filter>
    </ClInclude>
    <ClInclude Include="..\..\Encrypt\EncryptFunction\EncryptInfo.h">
      <Filter>Header</Filter>
    </ClInclude>
    <ClInclude Include="..\FED.h">
      <Filter>Header</Filter>
    </ClInclude>
    <ClInclude Include="..\..\Encrypt\EncryptFunction\FileStatisticInfo.h">
      <Filter>Header</Filter>
    </ClInclude>
    <ClInclude Include="..\Resource.h">
      <Filter>Header</Filter>
    </ClInclude>
    <ClInclude Include="..\..\Encrypt\EncryptFunction\SecureDelete.h">
      <Filter>Header</Filter>
    </ClInclude>
    <ClInclude Include="..\StdAfx.h">
      <Filter>Header</Filter>
    </ClInclude>
  </ItemGroup>
  <ItemGroup>
    <Filter Include="Source">
      <UniqueIdentifier>{2eba419a-118e-44ca-812c-bbe19587bf69}</UniqueIdentifier>
    </Filter>
    <Filter Include="Resource">
      <UniqueIdentifier>{7932f492-fdf4-41eb-bec1-1146222dc40e}</UniqueIdentifier>
    </Filter>
    <Filter Include="Header">
      <UniqueIdentifier>{efb27424-8405-49f6-b5de-6d9bd90f9eb8}</UniqueIdentifier>
    </Filter>
  </ItemGroup>
  <ItemGroup>
    <ResourceCompile Include="FED.rc">
      <Filter>Resource</Filter>
    </ResourceCompile>
  </ItemGroup>
  <ItemGroup>
    <CustomBuild Include="..\ReadMe.txt">
      <Filter>Resource</Filter>
    </CustomBuild>
  </ItemGroup>
</Project>