<?xml version="1.0" encoding="utf-8"?>
<Project ToolsVersion="4.0" xmlns="http://schemas.microsoft.com/developer/msbuild/2003">
  <ItemGroup>
    <Filter Include="Source Files">
      <UniqueIdentifier>{4e659c84-3d5f-44b0-8443-caa5478c6dce}</UniqueIdentifier>
      <Extensions>cpp;c;cxx;rc;def;r;odl;idl;hpj;bat</Extensions>
    </Filter>
    <Filter Include="Header Files">
      <UniqueIdentifier>{3b91520b-df4f-4d33-a189-5a85d6dd3350}</UniqueIdentifier>
      <Extensions>h;hpp;hxx;hm;inl</Extensions>
    </Filter>
    <Filter Include="Resource Files">
      <UniqueIdentifier>{69783f97-a599-437d-8f3b-7fa27b87057a}</UniqueIdentifier>
      <Extensions>ico;cur;bmp;dlg;rc2;rct;bin;rgs;gif;jpg;jpeg;jpe</Extensions>
    </Filter>
  </ItemGroup>
  <ItemGroup>
    <ClCompile Include="..\..\..\DavinciFunction\DavinciFunction.cpp">
      <Filter>Source Files</Filter>
    </ClCompile>
    <ClCompile Include="..\..\DecryptFunction\DecryptFunction.cpp">
      <Filter>Source Files</Filter>
    </ClCompile>
    <ClCompile Include="..\DecryptStatus.cpp">
      <Filter>Source Files</Filter>
    </ClCompile>
    <ClCompile Include="..\..\..\DavinciFunction\deletemethoddlg.cpp">
      <Filter>Source Files</Filter>
    </ClCompile>
    <ClCompile Include="..\..\..\DavinciFunction\DeleteProgressDlg.cpp">
      <Filter>Source Files</Filter>
    </ClCompile>
    <ClCompile Include="..\FileDecrypt.cpp">
      <Filter>Source Files</Filter>
    </ClCompile>
    <ClCompile Include="..\..\..\DavinciFunction\SecureDelete.cpp">
      <Filter>Source Files</Filter>
    </ClCompile>
    <ClCompile Include="..\ShellDecryptDlg.cpp">
      <Filter>Source Files</Filter>
    </ClCompile>
    <ClCompile Include="..\StdAfx.cpp">
      <Filter>Source Files</Filter>
    </ClCompile>
  </ItemGroup>
  <ItemGroup>
    <ResourceCompile Include="FileDecrypt.rc">
      <Filter>Source Files</Filter>
    </ResourceCompile>
  </ItemGroup>
  <ItemGroup>
    <ClInclude Include="..\..\..\Davinci_tech\Lib\Crypto\Cur_ver\Export\Crypto.h">
      <Filter>Header Files</Filter>
    </ClInclude>
    <ClInclude Include="..\..\..\DavinciFunction\DavinciFunction.h">
      <Filter>Header Files</Filter>
    </ClInclude>
    <ClInclude Include="..\..\DecryptFunction\DecryptFunction.h">
      <Filter>Header Files</Filter>
    </ClInclude>
    <ClInclude Include="..\DecryptStatus.h">
      <Filter>Header Files</Filter>
    </ClInclude>
    <ClInclude Include="..\..\..\DavinciFunction\deletemethoddlg.h">
      <Filter>Header Files</Filter>
    </ClInclude>
    <ClInclude Include="..\..\..\DavinciFunction\DeleteProgressDlg.h">
      <Filter>Header Files</Filter>
    </ClInclude>
    <ClInclude Include="..\FileDecrypt.h">
      <Filter>Header Files</Filter>
    </ClInclude>
    <ClInclude Include="..\resource.h">
      <Filter>Header Files</Filter>
    </ClInclude>
    <ClInclude Include="..\..\..\DavinciFunction\SecureDelete.h">
      <Filter>Header Files</Filter>
    </ClInclude>
    <ClInclude Include="..\ShellDecryptDlg.h">
      <Filter>Header Files</Filter>
    </ClInclude>
    <ClInclude Include="..\StdAfx.h">
      <Filter>Header Files</Filter>
    </ClInclude>
    <ClInclude Include="..\..\..\EncryptToolStruct\EncryptToolStruct.h">
      <Filter>Header Files</Filter>
    </ClInclude>
  </ItemGroup>
  <ItemGroup>
    <CustomBuild Include="res\Drives.bmp">
      <Filter>Resource Files</Filter>
    </CustomBuild>
    <CustomBuild Include="res\File.bmp">
      <Filter>Resource Files</Filter>
    </CustomBuild>
    <CustomBuild Include="res\FileDecrypt.ico">
      <Filter>Resource Files</Filter>
    </CustomBuild>
    <CustomBuild Include="res\FileDecrypt.rc2">
      <Filter>Resource Files</Filter>
    </CustomBuild>
    <CustomBuild Include="res\filecopy.avi" />
    <CustomBuild Include="ReadMe.txt" />
  </ItemGroup>
</Project>